
Microsoft Visual Studio Solution File, Format Version 12.00
# Visual Studio 2012
Project("{f2a71f9b-5d33-465a-a702-920d77279786}") = "F_Tutorial", "F_Tutorial\F_Tutorial.fsproj", "{84E16D1F-A732-4092-BFD0-89EA3FB75FD6}"
EndProject
Project("{f2a71f9b-5d33-465a-a702-920d77279786}") = "DigitReconizer", "DigitReconizer\DigitReconizer.fsproj", "{3FEAC97A-BDA8-4A44-97C1-2E511D7C767C}"
EndProject
Global
	GlobalSection(SolutionConfigurationPlatforms) = preSolution
		Debug|Any CPU = Debug|Any CPU
		Release|Any CPU = Release|Any CPU
	EndGlobalSection
	GlobalSection(ProjectConfigurationPlatforms) = postSolution
		{84E16D1F-A732-4092-BFD0-89EA3FB75FD6}.Debug|Any CPU.ActiveCfg = Debug|Any CPU
		{84E16D1F-A732-4092-BFD0-89EA3FB75FD6}.Debug|Any CPU.Build.0 = Debug|Any CPU
		{84E16D1F-A732-4092-BFD0-89EA3FB75FD6}.Release|Any CPU.ActiveCfg = Release|Any CPU
		{84E16D1F-A732-4092-BFD0-89EA3FB75FD6}.Release|Any CPU.Build.0 = Release|Any CPU
		{3FEAC97A-BDA8-4A44-97C1-2E511D7C767C}.Debug|Any CPU.ActiveCfg = Debug|Any CPU
		{3FEAC97A-BDA8-4A44-97C1-2E511D7C767C}.Debug|Any CPU.Build.0 = Debug|Any CPU
		{3FEAC97A-BDA8-4A44-97C1-2E511D7C767C}.Release|Any CPU.ActiveCfg = Release|Any CPU
		{3FEAC97A-BDA8-4A44-97C1-2E511D7C767C}.Release|Any CPU.Build.0 = Release|Any CPU
	EndGlobalSection
EndGlobal
